// !$*UTF8*$!
{
	archiveVersion = 1;
	classes = {
	};
	objectVersion = 46;
	objects = {

/* Begin PBXAggregateTarget section */
		"Refresh::RefreshPackageTests::ProductTarget" /* RefreshPackageTests */ = {
			isa = PBXAggregateTarget;
			buildConfigurationList = OBJ_33 /* Build configuration list for PBXAggregateTarget "RefreshPackageTests" */;
			buildPhases = (
			);
			dependencies = (
				OBJ_36 /* PBXTargetDependency */,
			);
			name = RefreshPackageTests;
			productName = RefreshPackageTests;
		};
/* End PBXAggregateTarget section */

/* Begin PBXBuildFile section */
		1C5A05EC24146322008D3377 /* Modifier.swift in Sources */ = {isa = PBXBuildFile; fileRef = 1C5A05EB24146322008D3377 /* Modifier.swift */; };
		1C82EA2E2422515900B80DA4 /* HeaderKey.swift in Sources */ = {isa = PBXBuildFile; fileRef = 1C82EA2D2422515900B80DA4 /* HeaderKey.swift */; };
		1C82EA302422518400B80DA4 /* FooterKey.swift in Sources */ = {isa = PBXBuildFile; fileRef = 1C82EA2F2422518400B80DA4 /* FooterKey.swift */; };
		1C82EA3224233EDC00B80DA4 /* MenuView.swift in Sources */ = {isa = PBXBuildFile; fileRef = 1C82EA3124233EDC00B80DA4 /* MenuView.swift */; };
		1C82EA3E2423A2A500B80DA4 /* SimpleList.swift in Sources */ = {isa = PBXBuildFile; fileRef = 1C82EA3D2423A2A500B80DA4 /* SimpleList.swift */; };
		1C82EA422423A80600B80DA4 /* SingleListInNavigtionView.swift in Sources */ = {isa = PBXBuildFile; fileRef = 1C82EA412423A80600B80DA4 /* SingleListInNavigtionView.swift */; };
		1C82EA442423A86100B80DA4 /* MutipleListView.swift in Sources */ = {isa = PBXBuildFile; fileRef = 1C82EA432423A86100B80DA4 /* MutipleListView.swift */; };
		1C82EA462423AA3500B80DA4 /* SingleListInNavigationAndTabView.swift in Sources */ = {isa = PBXBuildFile; fileRef = 1C82EA452423AA3500B80DA4 /* SingleListInNavigationAndTabView.swift */; };
		1C82EA482423AADF00B80DA4 /* SingleListWithoutNavigationView.swift in Sources */ = {isa = PBXBuildFile; fileRef = 1C82EA472423AADF00B80DA4 /* SingleListWithoutNavigationView.swift */; };
		1C82EA4B2423BA6C00B80DA4 /* Utilities.swift in Sources */ = {isa = PBXBuildFile; fileRef = 1C82EA492423BA4C00B80DA4 /* Utilities.swift */; };
		1C82EA4D24264C7200B80DA4 /* SimpleCell.swift in Sources */ = {isa = PBXBuildFile; fileRef = 1C82EA4C24264C7200B80DA4 /* SimpleCell.swift */; };
		1C82EA4F2426572600B80DA4 /* SimplePullToRefreshView.swift in Sources */ = {isa = PBXBuildFile; fileRef = 1C82EA4E2426572600B80DA4 /* SimplePullToRefreshView.swift */; };
		1C82EA512426575400B80DA4 /* SimpleRefreshingView.swift in Sources */ = {isa = PBXBuildFile; fileRef = 1C82EA502426575400B80DA4 /* SimpleRefreshingView.swift */; };
		1C82EA5D2428BAB400B80DA4 /* ActivityIndicator.swift in Sources */ = {isa = PBXBuildFile; fileRef = 1C82EA5C2428BAB400B80DA4 /* ActivityIndicator.swift */; };
		1C977775242C42560021FF29 /* Refresh.framework in Frameworks */ = {isa = PBXBuildFile; fileRef = "Refresh::Refresh::Product" /* Refresh.framework */; };
		1C977776242C42560021FF29 /* Refresh.framework in Embed Frameworks */ = {isa = PBXBuildFile; fileRef = "Refresh::Refresh::Product" /* Refresh.framework */; settings = {ATTRIBUTES = (CodeSignOnCopy, RemoveHeadersOnCopy, ); }; };
		1C9BA381240A4A95008D210E /* AppDelegate.swift in Sources */ = {isa = PBXBuildFile; fileRef = 1C9BA380240A4A95008D210E /* AppDelegate.swift */; };
		1C9BA383240A4A95008D210E /* SceneDelegate.swift in Sources */ = {isa = PBXBuildFile; fileRef = 1C9BA382240A4A95008D210E /* SceneDelegate.swift */; };
		1C9BA387240A4A98008D210E /* Assets.xcassets in Resources */ = {isa = PBXBuildFile; fileRef = 1C9BA386240A4A98008D210E /* Assets.xcassets */; };
		1C9BA38A240A4A98008D210E /* Preview Assets.xcassets in Resources */ = {isa = PBXBuildFile; fileRef = 1C9BA389240A4A98008D210E /* Preview Assets.xcassets */; };
		1C9BA38D240A4A98008D210E /* LaunchScreen.storyboard in Resources */ = {isa = PBXBuildFile; fileRef = 1C9BA38B240A4A98008D210E /* LaunchScreen.storyboard */; };
		1C9BA3C224139E7B008D210E /* List+Refresh.swift in Sources */ = {isa = PBXBuildFile; fileRef = 1C9BA3C124139E7B008D210E /* List+Refresh.swift */; };
		1C9BA3CA2413B7D0008D210E /* Footer.swift in Sources */ = {isa = PBXBuildFile; fileRef = 1C9BA3C92413B7D0008D210E /* Footer.swift */; };
		1C9BA3CC2413BAF0008D210E /* Header.swift in Sources */ = {isa = PBXBuildFile; fileRef = 1C9BA3CB2413BAF0008D210E /* Header.swift */; };
		OBJ_24 /* Refresh.swift in Sources */ = {isa = PBXBuildFile; fileRef = OBJ_9 /* Refresh.swift */; };
		OBJ_31 /* Package.swift in Sources */ = {isa = PBXBuildFile; fileRef = OBJ_6 /* Package.swift */; };
		OBJ_42 /* RefreshTests.swift in Sources */ = {isa = PBXBuildFile; fileRef = OBJ_12 /* RefreshTests.swift */; };
		OBJ_43 /* XCTestManifests.swift in Sources */ = {isa = PBXBuildFile; fileRef = OBJ_13 /* XCTestManifests.swift */; };
		OBJ_45 /* Refresh.framework in Frameworks */ = {isa = PBXBuildFile; fileRef = "Refresh::Refresh::Product" /* Refresh.framework */; };
/* End PBXBuildFile section */

/* Begin PBXContainerItemProxy section */
		1C977777242C42560021FF29 /* PBXContainerItemProxy */ = {
			isa = PBXContainerItemProxy;
			containerPortal = OBJ_1 /* Project object */;
			proxyType = 1;
			remoteGlobalIDString = "Refresh::Refresh";
			remoteInfo = Refresh;
		};
		1C9BA378240A4A79008D210E /* PBXContainerItemProxy */ = {
			isa = PBXContainerItemProxy;
			containerPortal = OBJ_1 /* Project object */;
			proxyType = 1;
			remoteGlobalIDString = "Refresh::Refresh";
			remoteInfo = Refresh;
		};
		1C9BA379240A4A7B008D210E /* PBXContainerItemProxy */ = {
			isa = PBXContainerItemProxy;
			containerPortal = OBJ_1 /* Project object */;
			proxyType = 1;
			remoteGlobalIDString = "Refresh::RefreshTests";
			remoteInfo = RefreshTests;
		};
/* End PBXContainerItemProxy section */

/* Begin PBXCopyFilesBuildPhase section */
		1C977779242C42560021FF29 /* Embed Frameworks */ = {
			isa = PBXCopyFilesBuildPhase;
			buildActionMask = 2147483647;
			dstPath = "";
			dstSubfolderSpec = 10;
			files = (
				1C977776242C42560021FF29 /* Refresh.framework in Embed Frameworks */,
			);
			name = "Embed Frameworks";
			runOnlyForDeploymentPostprocessing = 0;
		};
/* End PBXCopyFilesBuildPhase section */

/* Begin PBXFileReference section */
		1C5A05EB24146322008D3377 /* Modifier.swift */ = {isa = PBXFileReference; lastKnownFileType = sourcecode.swift; path = Modifier.swift; sourceTree = "<group>"; };
		1C82EA2D2422515900B80DA4 /* HeaderKey.swift */ = {isa = PBXFileReference; lastKnownFileType = sourcecode.swift; path = HeaderKey.swift; sourceTree = "<group>"; };
		1C82EA2F2422518400B80DA4 /* FooterKey.swift */ = {isa = PBXFileReference; lastKnownFileType = sourcecode.swift; path = FooterKey.swift; sourceTree = "<group>"; };
		1C82EA3124233EDC00B80DA4 /* MenuView.swift */ = {isa = PBXFileReference; lastKnownFileType = sourcecode.swift; path = MenuView.swift; sourceTree = "<group>"; };
		1C82EA3D2423A2A500B80DA4 /* SimpleList.swift */ = {isa = PBXFileReference; lastKnownFileType = sourcecode.swift; path = SimpleList.swift; sourceTree = "<group>"; };
		1C82EA412423A80600B80DA4 /* SingleListInNavigtionView.swift */ = {isa = PBXFileReference; lastKnownFileType = sourcecode.swift; path = SingleListInNavigtionView.swift; sourceTree = "<group>"; };
		1C82EA432423A86100B80DA4 /* MutipleListView.swift */ = {isa = PBXFileReference; lastKnownFileType = sourcecode.swift; path = MutipleListView.swift; sourceTree = "<group>"; };
		1C82EA452423AA3500B80DA4 /* SingleListInNavigationAndTabView.swift */ = {isa = PBXFileReference; lastKnownFileType = sourcecode.swift; path = SingleListInNavigationAndTabView.swift; sourceTree = "<group>"; };
		1C82EA472423AADF00B80DA4 /* SingleListWithoutNavigationView.swift */ = {isa = PBXFileReference; lastKnownFileType = sourcecode.swift; path = SingleListWithoutNavigationView.swift; sourceTree = "<group>"; };
		1C82EA492423BA4C00B80DA4 /* Utilities.swift */ = {isa = PBXFileReference; lastKnownFileType = sourcecode.swift; path = Utilities.swift; sourceTree = "<group>"; };
		1C82EA4C24264C7200B80DA4 /* SimpleCell.swift */ = {isa = PBXFileReference; lastKnownFileType = sourcecode.swift; path = SimpleCell.swift; sourceTree = "<group>"; };
		1C82EA4E2426572600B80DA4 /* SimplePullToRefreshView.swift */ = {isa = PBXFileReference; lastKnownFileType = sourcecode.swift; path = SimplePullToRefreshView.swift; sourceTree = "<group>"; };
		1C82EA502426575400B80DA4 /* SimpleRefreshingView.swift */ = {isa = PBXFileReference; lastKnownFileType = sourcecode.swift; path = SimpleRefreshingView.swift; sourceTree = "<group>"; };
		1C82EA5C2428BAB400B80DA4 /* ActivityIndicator.swift */ = {isa = PBXFileReference; lastKnownFileType = sourcecode.swift; path = ActivityIndicator.swift; sourceTree = "<group>"; };
		1C9BA37E240A4A95008D210E /* Demo.app */ = {isa = PBXFileReference; explicitFileType = wrapper.application; includeInIndex = 0; path = Demo.app; sourceTree = BUILT_PRODUCTS_DIR; };
		1C9BA380240A4A95008D210E /* AppDelegate.swift */ = {isa = PBXFileReference; lastKnownFileType = sourcecode.swift; path = AppDelegate.swift; sourceTree = "<group>"; };
		1C9BA382240A4A95008D210E /* SceneDelegate.swift */ = {isa = PBXFileReference; lastKnownFileType = sourcecode.swift; path = SceneDelegate.swift; sourceTree = "<group>"; };
		1C9BA386240A4A98008D210E /* Assets.xcassets */ = {isa = PBXFileReference; lastKnownFileType = folder.assetcatalog; path = Assets.xcassets; sourceTree = "<group>"; };
		1C9BA389240A4A98008D210E /* Preview Assets.xcassets */ = {isa = PBXFileReference; lastKnownFileType = folder.assetcatalog; path = "Preview Assets.xcassets"; sourceTree = "<group>"; };
		1C9BA38C240A4A98008D210E /* Base */ = {isa = PBXFileReference; lastKnownFileType = file.storyboard; name = Base; path = Base.lproj/LaunchScreen.storyboard; sourceTree = "<group>"; };
		1C9BA38E240A4A98008D210E /* Info.plist */ = {isa = PBXFileReference; lastKnownFileType = text.plist.xml; path = Info.plist; sourceTree = "<group>"; };
		1C9BA3C124139E7B008D210E /* List+Refresh.swift */ = {isa = PBXFileReference; lastKnownFileType = sourcecode.swift; path = "List+Refresh.swift"; sourceTree = "<group>"; };
		1C9BA3C92413B7D0008D210E /* Footer.swift */ = {isa = PBXFileReference; lastKnownFileType = sourcecode.swift; path = Footer.swift; sourceTree = "<group>"; };
		1C9BA3CB2413BAF0008D210E /* Header.swift */ = {isa = PBXFileReference; lastKnownFileType = sourcecode.swift; path = Header.swift; sourceTree = "<group>"; };
		OBJ_12 /* RefreshTests.swift */ = {isa = PBXFileReference; lastKnownFileType = sourcecode.swift; path = RefreshTests.swift; sourceTree = "<group>"; };
		OBJ_13 /* XCTestManifests.swift */ = {isa = PBXFileReference; lastKnownFileType = sourcecode.swift; path = XCTestManifests.swift; sourceTree = "<group>"; };
		OBJ_17 /* LICENSE */ = {isa = PBXFileReference; lastKnownFileType = text; path = LICENSE; sourceTree = "<group>"; };
		OBJ_18 /* README.md */ = {isa = PBXFileReference; lastKnownFileType = net.daringfireball.markdown; path = README.md; sourceTree = "<group>"; };
		OBJ_6 /* Package.swift */ = {isa = PBXFileReference; explicitFileType = sourcecode.swift; path = Package.swift; sourceTree = "<group>"; };
		OBJ_9 /* Refresh.swift */ = {isa = PBXFileReference; lastKnownFileType = sourcecode.swift; path = Refresh.swift; sourceTree = "<group>"; };
		"Refresh::Refresh::Product" /* Refresh.framework */ = {isa = PBXFileReference; explicitFileType = wrapper.framework; path = Refresh.framework; sourceTree = BUILT_PRODUCTS_DIR; };
		"Refresh::RefreshTests::Product" /* RefreshTests.xctest */ = {isa = PBXFileReference; explicitFileType = wrapper.cfbundle; path = RefreshTests.xctest; sourceTree = BUILT_PRODUCTS_DIR; };
/* End PBXFileReference section */

/* Begin PBXFrameworksBuildPhase section */
		1C9BA37B240A4A95008D210E /* Frameworks */ = {
			isa = PBXFrameworksBuildPhase;
			buildActionMask = 2147483647;
			files = (
				1C977775242C42560021FF29 /* Refresh.framework in Frameworks */,
			);
			runOnlyForDeploymentPostprocessing = 0;
		};
		OBJ_25 /* Frameworks */ = {
			isa = PBXFrameworksBuildPhase;
			buildActionMask = 0;
			files = (
			);
			runOnlyForDeploymentPostprocessing = 0;
		};
		OBJ_44 /* Frameworks */ = {
			isa = PBXFrameworksBuildPhase;
			buildActionMask = 0;
			files = (
				OBJ_45 /* Refresh.framework in Frameworks */,
			);
			runOnlyForDeploymentPostprocessing = 0;
		};
/* End PBXFrameworksBuildPhase section */

/* Begin PBXGroup section */
		1C82EA362423A20700B80DA4 /* Supporting Files */ = {
			isa = PBXGroup;
			children = (
				1C9BA386240A4A98008D210E /* Assets.xcassets */,
				1C9BA38B240A4A98008D210E /* LaunchScreen.storyboard */,
				1C9BA38E240A4A98008D210E /* Info.plist */,
				1C9BA388240A4A98008D210E /* Preview Content */,
			);
			name = "Supporting Files";
			sourceTree = "<group>";
		};
		1C82EA3B2423A25E00B80DA4 /* AppDelegate */ = {
			isa = PBXGroup;
			children = (
				1C9BA380240A4A95008D210E /* AppDelegate.swift */,
				1C9BA382240A4A95008D210E /* SceneDelegate.swift */,
			);
			name = AppDelegate;
			sourceTree = "<group>";
		};
		1C82EA582428BA7E00B80DA4 /* List */ = {
			isa = PBXGroup;
			children = (
				1C82EA592428BA8400B80DA4 /* Simple */,
			);
			path = List;
			sourceTree = "<group>";
		};
		1C82EA592428BA8400B80DA4 /* Simple */ = {
			isa = PBXGroup;
			children = (
				1C82EA4C24264C7200B80DA4 /* SimpleCell.swift */,
				1C82EA3D2423A2A500B80DA4 /* SimpleList.swift */,
				1C82EA4E2426572600B80DA4 /* SimplePullToRefreshView.swift */,
				1C82EA502426575400B80DA4 /* SimpleRefreshingView.swift */,
			);
			path = Simple;
			sourceTree = "<group>";
		};
		1C82EA5B2428BAA100B80DA4 /* Utilities */ = {
			isa = PBXGroup;
			children = (
				1C82EA5C2428BAB400B80DA4 /* ActivityIndicator.swift */,
			);
			path = Utilities;
			sourceTree = "<group>";
		};
		1C9BA37F240A4A95008D210E /* Demo */ = {
			isa = PBXGroup;
			children = (
				1C82EA3B2423A25E00B80DA4 /* AppDelegate */,
				1C82EA582428BA7E00B80DA4 /* List */,
				1C82EA3124233EDC00B80DA4 /* MenuView.swift */,
				1C82EA432423A86100B80DA4 /* MutipleListView.swift */,
				1C82EA452423AA3500B80DA4 /* SingleListInNavigationAndTabView.swift */,
				1C82EA412423A80600B80DA4 /* SingleListInNavigtionView.swift */,
				1C82EA472423AADF00B80DA4 /* SingleListWithoutNavigationView.swift */,
				1C82EA362423A20700B80DA4 /* Supporting Files */,
				1C82EA5B2428BAA100B80DA4 /* Utilities */,
			);
			path = Demo;
			sourceTree = "<group>";
		};
		1C9BA388240A4A98008D210E /* Preview Content */ = {
			isa = PBXGroup;
			children = (
				1C9BA389240A4A98008D210E /* Preview Assets.xcassets */,
			);
			path = "Preview Content";
			sourceTree = "<group>";
		};
		1C9BA3BB24139A11008D210E /* Frameworks */ = {
			isa = PBXGroup;
			children = (
			);
			name = Frameworks;
			sourceTree = "<group>";
		};
		OBJ_10 /* Tests */ = {
			isa = PBXGroup;
			children = (
				OBJ_11 /* RefreshTests */,
			);
			name = Tests;
			sourceTree = SOURCE_ROOT;
		};
		OBJ_11 /* RefreshTests */ = {
			isa = PBXGroup;
			children = (
				OBJ_12 /* RefreshTests.swift */,
				OBJ_13 /* XCTestManifests.swift */,
			);
			name = RefreshTests;
			path = Tests/RefreshTests;
			sourceTree = SOURCE_ROOT;
		};
		OBJ_14 /* Products */ = {
			isa = PBXGroup;
			children = (
				"Refresh::Refresh::Product" /* Refresh.framework */,
				"Refresh::RefreshTests::Product" /* RefreshTests.xctest */,
				1C9BA37E240A4A95008D210E /* Demo.app */,
			);
			name = Products;
			sourceTree = BUILT_PRODUCTS_DIR;
		};
		OBJ_5 = {
			isa = PBXGroup;
			children = (
				OBJ_6 /* Package.swift */,
				OBJ_7 /* Sources */,
				OBJ_10 /* Tests */,
				1C9BA37F240A4A95008D210E /* Demo */,
				OBJ_14 /* Products */,
				OBJ_17 /* LICENSE */,
				OBJ_18 /* README.md */,
				1C9BA3BB24139A11008D210E /* Frameworks */,
			);
			sourceTree = "<group>";
		};
		OBJ_7 /* Sources */ = {
			isa = PBXGroup;
			children = (
				OBJ_8 /* Refresh */,
			);
			name = Sources;
			sourceTree = SOURCE_ROOT;
		};
		OBJ_8 /* Refresh */ = {
			isa = PBXGroup;
			children = (
				1C9BA3C92413B7D0008D210E /* Footer.swift */,
				1C82EA2F2422518400B80DA4 /* FooterKey.swift */,
				1C9BA3CB2413BAF0008D210E /* Header.swift */,
				1C82EA2D2422515900B80DA4 /* HeaderKey.swift */,
				1C9BA3C124139E7B008D210E /* List+Refresh.swift */,
				1C5A05EB24146322008D3377 /* Modifier.swift */,
				OBJ_9 /* Refresh.swift */,
				1C82EA492423BA4C00B80DA4 /* Utilities.swift */,
			);
			name = Refresh;
			path = Sources/Refresh;
			sourceTree = SOURCE_ROOT;
		};
/* End PBXGroup section */

/* Begin PBXNativeTarget section */
		1C9BA37D240A4A95008D210E /* Demo */ = {
			isa = PBXNativeTarget;
			buildConfigurationList = 1C9BA391240A4A98008D210E /* Build configuration list for PBXNativeTarget "Demo" */;
			buildPhases = (
				1C9BA37A240A4A95008D210E /* Sources */,
				1C9BA37B240A4A95008D210E /* Frameworks */,
				1C9BA37C240A4A95008D210E /* Resources */,
				1C977779242C42560021FF29 /* Embed Frameworks */,
			);
			buildRules = (
			);
			dependencies = (
				1C977778242C42560021FF29 /* PBXTargetDependency */,
			);
			name = Demo;
			productName = Demo;
			productReference = 1C9BA37E240A4A95008D210E /* Demo.app */;
			productType = "com.apple.product-type.application";
		};
		"Refresh::Refresh" /* Refresh */ = {
			isa = PBXNativeTarget;
			buildConfigurationList = OBJ_20 /* Build configuration list for PBXNativeTarget "Refresh" */;
			buildPhases = (
				OBJ_23 /* Sources */,
				OBJ_25 /* Frameworks */,
			);
			buildRules = (
			);
			dependencies = (
			);
			name = Refresh;
			productName = Refresh;
			productReference = "Refresh::Refresh::Product" /* Refresh.framework */;
			productType = "com.apple.product-type.framework";
		};
		"Refresh::RefreshTests" /* RefreshTests */ = {
			isa = PBXNativeTarget;
			buildConfigurationList = OBJ_38 /* Build configuration list for PBXNativeTarget "RefreshTests" */;
			buildPhases = (
				OBJ_41 /* Sources */,
				OBJ_44 /* Frameworks */,
			);
			buildRules = (
			);
			dependencies = (
				OBJ_46 /* PBXTargetDependency */,
			);
			name = RefreshTests;
			productName = RefreshTests;
			productReference = "Refresh::RefreshTests::Product" /* RefreshTests.xctest */;
			productType = "com.apple.product-type.bundle.unit-test";
		};
		"Refresh::SwiftPMPackageDescription" /* RefreshPackageDescription */ = {
			isa = PBXNativeTarget;
			buildConfigurationList = OBJ_27 /* Build configuration list for PBXNativeTarget "RefreshPackageDescription" */;
			buildPhases = (
				OBJ_30 /* Sources */,
			);
			buildRules = (
			);
			dependencies = (
			);
			name = RefreshPackageDescription;
			productName = RefreshPackageDescription;
			productType = "com.apple.product-type.framework";
		};
/* End PBXNativeTarget section */

/* Begin PBXProject section */
		OBJ_1 /* Project object */ = {
			isa = PBXProject;
			attributes = {
				LastSwiftMigration = 9999;
				LastSwiftUpdateCheck = 1130;
				LastUpgradeCheck = 9999;
				TargetAttributes = {
					1C9BA37D240A4A95008D210E = {
						CreatedOnToolsVersion = 11.3.1;
						DevelopmentTeam = KWMR494226;
						ProvisioningStyle = Automatic;
					};
				};
			};
			buildConfigurationList = OBJ_2 /* Build configuration list for PBXProject "Refresh" */;
			compatibilityVersion = "Xcode 3.2";
			developmentRegion = en;
			hasScannedForEncodings = 0;
			knownRegions = (
				en,
				Base,
			);
			mainGroup = OBJ_5;
			productRefGroup = OBJ_14 /* Products */;
			projectDirPath = "";
			projectRoot = "";
			targets = (
				"Refresh::Refresh" /* Refresh */,
				"Refresh::SwiftPMPackageDescription" /* RefreshPackageDescription */,
				"Refresh::RefreshPackageTests::ProductTarget" /* RefreshPackageTests */,
				"Refresh::RefreshTests" /* RefreshTests */,
				1C9BA37D240A4A95008D210E /* Demo */,
			);
		};
/* End PBXProject section */

/* Begin PBXResourcesBuildPhase section */
		1C9BA37C240A4A95008D210E /* Resources */ = {
			isa = PBXResourcesBuildPhase;
			buildActionMask = 2147483647;
			files = (
				1C9BA38D240A4A98008D210E /* LaunchScreen.storyboard in Resources */,
				1C9BA38A240A4A98008D210E /* Preview Assets.xcassets in Resources */,
				1C9BA387240A4A98008D210E /* Assets.xcassets in Resources */,
			);
			runOnlyForDeploymentPostprocessing = 0;
		};
/* End PBXResourcesBuildPhase section */

/* Begin PBXSourcesBuildPhase section */
		1C9BA37A240A4A95008D210E /* Sources */ = {
			isa = PBXSourcesBuildPhase;
			buildActionMask = 2147483647;
			files = (
				1C9BA381240A4A95008D210E /* AppDelegate.swift in Sources */,
				1C82EA462423AA3500B80DA4 /* SingleListInNavigationAndTabView.swift in Sources */,
				1C82EA4D24264C7200B80DA4 /* SimpleCell.swift in Sources */,
				1C82EA512426575400B80DA4 /* SimpleRefreshingView.swift in Sources */,
				1C82EA5D2428BAB400B80DA4 /* ActivityIndicator.swift in Sources */,
				1C82EA3224233EDC00B80DA4 /* MenuView.swift in Sources */,
				1C9BA383240A4A95008D210E /* SceneDelegate.swift in Sources */,
				1C82EA4F2426572600B80DA4 /* SimplePullToRefreshView.swift in Sources */,
				1C82EA3E2423A2A500B80DA4 /* SimpleList.swift in Sources */,
				1C82EA482423AADF00B80DA4 /* SingleListWithoutNavigationView.swift in Sources */,
				1C82EA422423A80600B80DA4 /* SingleListInNavigtionView.swift in Sources */,
				1C82EA442423A86100B80DA4 /* MutipleListView.swift in Sources */,
			);
			runOnlyForDeploymentPostprocessing = 0;
		};
		OBJ_23 /* Sources */ = {
			isa = PBXSourcesBuildPhase;
			buildActionMask = 0;
			files = (
				1C82EA4B2423BA6C00B80DA4 /* Utilities.swift in Sources */,
				1C82EA302422518400B80DA4 /* FooterKey.swift in Sources */,
				OBJ_24 /* Refresh.swift in Sources */,
				1C9BA3CA2413B7D0008D210E /* Footer.swift in Sources */,
				1C82EA2E2422515900B80DA4 /* HeaderKey.swift in Sources */,
				1C9BA3C224139E7B008D210E /* List+Refresh.swift in Sources */,
				1C9BA3CC2413BAF0008D210E /* Header.swift in Sources */,
				1C5A05EC24146322008D3377 /* Modifier.swift in Sources */,
			);
			runOnlyForDeploymentPostprocessing = 0;
		};
		OBJ_30 /* Sources */ = {
			isa = PBXSourcesBuildPhase;
			buildActionMask = 0;
			files = (
				OBJ_31 /* Package.swift in Sources */,
			);
			runOnlyForDeploymentPostprocessing = 0;
		};
		OBJ_41 /* Sources */ = {
			isa = PBXSourcesBuildPhase;
			buildActionMask = 0;
			files = (
				OBJ_42 /* RefreshTests.swift in Sources */,
				OBJ_43 /* XCTestManifests.swift in Sources */,
			);
			runOnlyForDeploymentPostprocessing = 0;
		};
/* End PBXSourcesBuildPhase section */

/* Begin PBXTargetDependency section */
		1C977778242C42560021FF29 /* PBXTargetDependency */ = {
			isa = PBXTargetDependency;
			target = "Refresh::Refresh" /* Refresh */;
			targetProxy = 1C977777242C42560021FF29 /* PBXContainerItemProxy */;
		};
		OBJ_36 /* PBXTargetDependency */ = {
			isa = PBXTargetDependency;
			target = "Refresh::RefreshTests" /* RefreshTests */;
			targetProxy = 1C9BA379240A4A7B008D210E /* PBXContainerItemProxy */;
		};
		OBJ_46 /* PBXTargetDependency */ = {
			isa = PBXTargetDependency;
			target = "Refresh::Refresh" /* Refresh */;
			targetProxy = 1C9BA378240A4A79008D210E /* PBXContainerItemProxy */;
		};
/* End PBXTargetDependency section */

/* Begin PBXVariantGroup section */
		1C9BA38B240A4A98008D210E /* LaunchScreen.storyboard */ = {
			isa = PBXVariantGroup;
			children = (
				1C9BA38C240A4A98008D210E /* Base */,
			);
			name = LaunchScreen.storyboard;
			sourceTree = "<group>";
		};
/* End PBXVariantGroup section */

/* Begin XCBuildConfiguration section */
		1C9BA38F240A4A98008D210E /* Debug */ = {
			isa = XCBuildConfiguration;
			buildSettings = {
				ALWAYS_EMBED_SWIFT_STANDARD_LIBRARIES = YES;
				ASSETCATALOG_COMPILER_APPICON_NAME = AppIcon;
				CLANG_ANALYZER_NONNULL = YES;
				CLANG_ANALYZER_NUMBER_OBJECT_CONVERSION = YES_AGGRESSIVE;
				CLANG_CXX_LANGUAGE_STANDARD = "gnu++14";
				CLANG_CXX_LIBRARY = "libc++";
				CLANG_ENABLE_MODULES = YES;
				CLANG_ENABLE_OBJC_WEAK = YES;
				CLANG_WARN_BLOCK_CAPTURE_AUTORELEASING = YES;
				CLANG_WARN_BOOL_CONVERSION = YES;
				CLANG_WARN_COMMA = YES;
				CLANG_WARN_CONSTANT_CONVERSION = YES;
				CLANG_WARN_DEPRECATED_OBJC_IMPLEMENTATIONS = YES;
				CLANG_WARN_DIRECT_OBJC_ISA_USAGE = YES_ERROR;
				CLANG_WARN_DOCUMENTATION_COMMENTS = YES;
				CLANG_WARN_EMPTY_BODY = YES;
				CLANG_WARN_ENUM_CONVERSION = YES;
				CLANG_WARN_INFINITE_RECURSION = YES;
				CLANG_WARN_INT_CONVERSION = YES;
				CLANG_WARN_NON_LITERAL_NULL_CONVERSION = YES;
				CLANG_WARN_OBJC_IMPLICIT_RETAIN_SELF = YES;
				CLANG_WARN_OBJC_LITERAL_CONVERSION = YES;
				CLANG_WARN_OBJC_ROOT_CLASS = YES_ERROR;
				CLANG_WARN_RANGE_LOOP_ANALYSIS = YES;
				CLANG_WARN_STRICT_PROTOTYPES = YES;
				CLANG_WARN_SUSPICIOUS_MOVE = YES;
				CLANG_WARN_UNGUARDED_AVAILABILITY = YES_AGGRESSIVE;
				CLANG_WARN_UNREACHABLE_CODE = YES;
				CLANG_WARN__DUPLICATE_METHOD_MATCH = YES;
				CODE_SIGN_STYLE = Automatic;
				DEVELOPMENT_ASSET_PATHS = "\"Demo/Preview Content\"";
				DEVELOPMENT_TEAM = KWMR494226;
				ENABLE_PREVIEWS = YES;
				ENABLE_STRICT_OBJC_MSGSEND = YES;
				ENABLE_TESTABILITY = YES;
				GCC_C_LANGUAGE_STANDARD = gnu11;
				GCC_DYNAMIC_NO_PIC = NO;
				GCC_NO_COMMON_BLOCKS = YES;
				GCC_PREPROCESSOR_DEFINITIONS = (
					"DEBUG=1",
					"$(inherited)",
				);
				GCC_WARN_64_TO_32_BIT_CONVERSION = YES;
				GCC_WARN_ABOUT_RETURN_TYPE = YES_ERROR;
				GCC_WARN_UNDECLARED_SELECTOR = YES;
				GCC_WARN_UNINITIALIZED_AUTOS = YES_AGGRESSIVE;
				GCC_WARN_UNUSED_FUNCTION = YES;
				GCC_WARN_UNUSED_VARIABLE = YES;
				INFOPLIST_FILE = Demo/Info.plist;
				IPHONEOS_DEPLOYMENT_TARGET = 13.0;
				LD_RUNPATH_SEARCH_PATHS = "$(inherited) @executable_path/Frameworks";
				MTL_ENABLE_DEBUG_INFO = INCLUDE_SOURCE;
				MTL_FAST_MATH = YES;
				PRODUCT_BUNDLE_IDENTIFIER = me.gesen.Refresh.Demo;
				PRODUCT_NAME = "$(TARGET_NAME)";
				SDKROOT = iphoneos;
				SWIFT_ACTIVE_COMPILATION_CONDITIONS = DEBUG;
				SWIFT_VERSION = 5.0;
				TARGETED_DEVICE_FAMILY = "1,2";
			};
			name = Debug;
		};
		1C9BA390240A4A98008D210E /* Release */ = {
			isa = XCBuildConfiguration;
			buildSettings = {
				ALWAYS_EMBED_SWIFT_STANDARD_LIBRARIES = YES;
				ASSETCATALOG_COMPILER_APPICON_NAME = AppIcon;
				CLANG_ANALYZER_NONNULL = YES;
				CLANG_ANALYZER_NUMBER_OBJECT_CONVERSION = YES_AGGRESSIVE;
				CLANG_CXX_LANGUAGE_STANDARD = "gnu++14";
				CLANG_CXX_LIBRARY = "libc++";
				CLANG_ENABLE_MODULES = YES;
				CLANG_ENABLE_OBJC_WEAK = YES;
				CLANG_WARN_BLOCK_CAPTURE_AUTORELEASING = YES;
				CLANG_WARN_BOOL_CONVERSION = YES;
				CLANG_WARN_COMMA = YES;
				CLANG_WARN_CONSTANT_CONVERSION = YES;
				CLANG_WARN_DEPRECATED_OBJC_IMPLEMENTATIONS = YES;
				CLANG_WARN_DIRECT_OBJC_ISA_USAGE = YES_ERROR;
				CLANG_WARN_DOCUMENTATION_COMMENTS = YES;
				CLANG_WARN_EMPTY_BODY = YES;
				CLANG_WARN_ENUM_CONVERSION = YES;
				CLANG_WARN_INFINITE_RECURSION = YES;
				CLANG_WARN_INT_CONVERSION = YES;
				CLANG_WARN_NON_LITERAL_NULL_CONVERSION = YES;
				CLANG_WARN_OBJC_IMPLICIT_RETAIN_SELF = YES;
				CLANG_WARN_OBJC_LITERAL_CONVERSION = YES;
				CLANG_WARN_OBJC_ROOT_CLASS = YES_ERROR;
				CLANG_WARN_RANGE_LOOP_ANALYSIS = YES;
				CLANG_WARN_STRICT_PROTOTYPES = YES;
				CLANG_WARN_SUSPICIOUS_MOVE = YES;
				CLANG_WARN_UNGUARDED_AVAILABILITY = YES_AGGRESSIVE;
				CLANG_WARN_UNREACHABLE_CODE = YES;
				CLANG_WARN__DUPLICATE_METHOD_MATCH = YES;
				CODE_SIGN_STYLE = Automatic;
				COPY_PHASE_STRIP = NO;
				DEVELOPMENT_ASSET_PATHS = "\"Demo/Preview Content\"";
				DEVELOPMENT_TEAM = KWMR494226;
				ENABLE_NS_ASSERTIONS = NO;
				ENABLE_PREVIEWS = YES;
				ENABLE_STRICT_OBJC_MSGSEND = YES;
				GCC_C_LANGUAGE_STANDARD = gnu11;
				GCC_NO_COMMON_BLOCKS = YES;
				GCC_WARN_64_TO_32_BIT_CONVERSION = YES;
				GCC_WARN_ABOUT_RETURN_TYPE = YES_ERROR;
				GCC_WARN_UNDECLARED_SELECTOR = YES;
				GCC_WARN_UNINITIALIZED_AUTOS = YES_AGGRESSIVE;
				GCC_WARN_UNUSED_FUNCTION = YES;
				GCC_WARN_UNUSED_VARIABLE = YES;
				INFOPLIST_FILE = Demo/Info.plist;
				IPHONEOS_DEPLOYMENT_TARGET = 13.0;
				LD_RUNPATH_SEARCH_PATHS = "$(inherited) @executable_path/Frameworks";
				MTL_ENABLE_DEBUG_INFO = NO;
				MTL_FAST_MATH = YES;
				PRODUCT_BUNDLE_IDENTIFIER = me.gesen.Refresh.Demo;
				PRODUCT_NAME = "$(TARGET_NAME)";
				SDKROOT = iphoneos;
				SWIFT_VERSION = 5.0;
				TARGETED_DEVICE_FAMILY = "1,2";
				VALIDATE_PRODUCT = YES;
			};
			name = Release;
		};
		OBJ_21 /* Debug */ = {
			isa = XCBuildConfiguration;
			buildSettings = {
				ENABLE_TESTABILITY = YES;
				FRAMEWORK_SEARCH_PATHS = (
					"$(inherited)",
					"$(PLATFORM_DIR)/Developer/Library/Frameworks",
				);
				HEADER_SEARCH_PATHS = "$(inherited)";
				INFOPLIST_FILE = Refresh.xcodeproj/Refresh_Info.plist;
				IPHONEOS_DEPLOYMENT_TARGET = 13.0;
				LD_RUNPATH_SEARCH_PATHS = "$(inherited) $(TOOLCHAIN_DIR)/usr/lib/swift/macosx";
				OTHER_CFLAGS = "$(inherited)";
				OTHER_LDFLAGS = "$(inherited)";
				OTHER_SWIFT_FLAGS = "$(inherited)";
				PRODUCT_BUNDLE_IDENTIFIER = Refresh;
				PRODUCT_MODULE_NAME = "$(TARGET_NAME:c99extidentifier)";
				PRODUCT_NAME = "$(TARGET_NAME:c99extidentifier)";
				SKIP_INSTALL = YES;
				SWIFT_ACTIVE_COMPILATION_CONDITIONS = "$(inherited)";
				SWIFT_VERSION = 5.0;
				TARGET_NAME = Refresh;
			};
			name = Debug;
		};
		OBJ_22 /* Release */ = {
			isa = XCBuildConfiguration;
			buildSettings = {
				ENABLE_TESTABILITY = YES;
				FRAMEWORK_SEARCH_PATHS = (
					"$(inherited)",
					"$(PLATFORM_DIR)/Developer/Library/Frameworks",
				);
				HEADER_SEARCH_PATHS = "$(inherited)";
				INFOPLIST_FILE = Refresh.xcodeproj/Refresh_Info.plist;
				IPHONEOS_DEPLOYMENT_TARGET = 13.0;
				LD_RUNPATH_SEARCH_PATHS = "$(inherited) $(TOOLCHAIN_DIR)/usr/lib/swift/macosx";
				OTHER_CFLAGS = "$(inherited)";
				OTHER_LDFLAGS = "$(inherited)";
				OTHER_SWIFT_FLAGS = "$(inherited)";
				PRODUCT_BUNDLE_IDENTIFIER = Refresh;
				PRODUCT_MODULE_NAME = "$(TARGET_NAME:c99extidentifier)";
				PRODUCT_NAME = "$(TARGET_NAME:c99extidentifier)";
				SKIP_INSTALL = YES;
				SWIFT_ACTIVE_COMPILATION_CONDITIONS = "$(inherited)";
				SWIFT_VERSION = 5.0;
				TARGET_NAME = Refresh;
			};
			name = Release;
		};
		OBJ_28 /* Debug */ = {
			isa = XCBuildConfiguration;
			buildSettings = {
				IPHONEOS_DEPLOYMENT_TARGET = 13.0;
				LD = /usr/bin/true;
				OTHER_SWIFT_FLAGS = "-swift-version 5 -I $(TOOLCHAIN_DIR)/usr/lib/swift/pm/4_2 -target x86_64-apple-macosx10.10 -sdk /Applications/Xcode.app/Contents/Developer/Platforms/MacOSX.platform/Developer/SDKs/MacOSX10.15.sdk -package-description-version 5.1";
				SWIFT_VERSION = 5.0;
			};
			name = Debug;
		};
		OBJ_29 /* Release */ = {
			isa = XCBuildConfiguration;
			buildSettings = {
				IPHONEOS_DEPLOYMENT_TARGET = 13.0;
				LD = /usr/bin/true;
				OTHER_SWIFT_FLAGS = "-swift-version 5 -I $(TOOLCHAIN_DIR)/usr/lib/swift/pm/4_2 -target x86_64-apple-macosx10.10 -sdk /Applications/Xcode.app/Contents/Developer/Platforms/MacOSX.platform/Developer/SDKs/MacOSX10.15.sdk -package-description-version 5.1";
				SWIFT_VERSION = 5.0;
			};
			name = Release;
		};
		OBJ_3 /* Debug */ = {
			isa = XCBuildConfiguration;
			buildSettings = {
				CLANG_ENABLE_OBJC_ARC = YES;
				COMBINE_HIDPI_IMAGES = YES;
				COPY_PHASE_STRIP = NO;
				DEBUG_INFORMATION_FORMAT = dwarf;
				DYLIB_INSTALL_NAME_BASE = "@rpath";
				ENABLE_NS_ASSERTIONS = YES;
				GCC_OPTIMIZATION_LEVEL = 0;
				GCC_PREPROCESSOR_DEFINITIONS = (
					"$(inherited)",
					"SWIFT_PACKAGE=1",
					"DEBUG=1",
				);
				MACOSX_DEPLOYMENT_TARGET = 10.10;
				ONLY_ACTIVE_ARCH = YES;
				OTHER_SWIFT_FLAGS = "$(inherited) -DXcode";
				PRODUCT_NAME = "$(TARGET_NAME)";
				SDKROOT = macosx;
				SUPPORTED_PLATFORMS = "macosx iphoneos iphonesimulator appletvos appletvsimulator watchos watchsimulator";
				SWIFT_ACTIVE_COMPILATION_CONDITIONS = "$(inherited) SWIFT_PACKAGE DEBUG";
				SWIFT_OPTIMIZATION_LEVEL = "-Onone";
				USE_HEADERMAP = NO;
			};
			name = Debug;
		};
		OBJ_34 /* Debug */ = {
			isa = XCBuildConfiguration;
			buildSettings = {
				IPHONEOS_DEPLOYMENT_TARGET = 13.0;
			};
			name = Debug;
		};
		OBJ_35 /* Release */ = {
			isa = XCBuildConfiguration;
			buildSettings = {
				IPHONEOS_DEPLOYMENT_TARGET = 13.0;
			};
			name = Release;
		};
		OBJ_39 /* Debug */ = {
			isa = XCBuildConfiguration;
			buildSettings = {
				CLANG_ENABLE_MODULES = YES;
				EMBEDDED_CONTENT_CONTAINS_SWIFT = YES;
				FRAMEWORK_SEARCH_PATHS = (
					"$(inherited)",
					"$(PLATFORM_DIR)/Developer/Library/Frameworks",
				);
				HEADER_SEARCH_PATHS = "$(inherited)";
				INFOPLIST_FILE = Refresh.xcodeproj/RefreshTests_Info.plist;
				IPHONEOS_DEPLOYMENT_TARGET = 13.0;
				LD_RUNPATH_SEARCH_PATHS = "$(inherited) @loader_path/../Frameworks @loader_path/Frameworks";
				OTHER_CFLAGS = "$(inherited)";
				OTHER_LDFLAGS = "$(inherited)";
				OTHER_SWIFT_FLAGS = "$(inherited)";
				SWIFT_ACTIVE_COMPILATION_CONDITIONS = "$(inherited)";
				SWIFT_VERSION = 5.0;
				TARGET_NAME = RefreshTests;
			};
			name = Debug;
		};
		OBJ_4 /* Release */ = {
			isa = XCBuildConfiguration;
			buildSettings = {
				CLANG_ENABLE_OBJC_ARC = YES;
				COMBINE_HIDPI_IMAGES = YES;
				COPY_PHASE_STRIP = YES;
				DEBUG_INFORMATION_FORMAT = "dwarf-with-dsym";
				DYLIB_INSTALL_NAME_BASE = "@rpath";
				GCC_OPTIMIZATION_LEVEL = s;
				GCC_PREPROCESSOR_DEFINITIONS = (
					"$(inherited)",
					"SWIFT_PACKAGE=1",
				);
				MACOSX_DEPLOYMENT_TARGET = 10.10;
				OTHER_SWIFT_FLAGS = "$(inherited) -DXcode";
				PRODUCT_NAME = "$(TARGET_NAME)";
				SDKROOT = macosx;
				SUPPORTED_PLATFORMS = "macosx iphoneos iphonesimulator appletvos appletvsimulator watchos watchsimulator";
				SWIFT_ACTIVE_COMPILATION_CONDITIONS = "$(inherited) SWIFT_PACKAGE";
				SWIFT_OPTIMIZATION_LEVEL = "-Owholemodule";
				USE_HEADERMAP = NO;
			};
			name = Release;
		};
		OBJ_40 /* Release */ = {
			isa = XCBuildConfiguration;
			buildSettings = {
				CLANG_ENABLE_MODULES = YES;
				EMBEDDED_CONTENT_CONTAINS_SWIFT = YES;
				FRAMEWORK_SEARCH_PATHS = (
					"$(inherited)",
					"$(PLATFORM_DIR)/Developer/Library/Frameworks",
				);
				HEADER_SEARCH_PATHS = "$(inherited)";
				INFOPLIST_FILE = Refresh.xcodeproj/RefreshTests_Info.plist;
				IPHONEOS_DEPLOYMENT_TARGET = 13.0;
				LD_RUNPATH_SEARCH_PATHS = "$(inherited) @loader_path/../Frameworks @loader_path/Frameworks";
				OTHER_CFLAGS = "$(inherited)";
				OTHER_LDFLAGS = "$(inherited)";
				OTHER_SWIFT_FLAGS = "$(inherited)";
				SWIFT_ACTIVE_COMPILATION_CONDITIONS = "$(inherited)";
				SWIFT_VERSION = 5.0;
				TARGET_NAME = RefreshTests;
			};
			name = Release;
		};
/* End XCBuildConfiguration section */

/* Begin XCConfigurationList section */
		1C9BA391240A4A98008D210E /* Build configuration list for PBXNativeTarget "Demo" */ = {
			isa = XCConfigurationList;
			buildConfigurations = (
				1C9BA38F240A4A98008D210E /* Debug */,
				1C9BA390240A4A98008D210E /* Release */,
			);
			defaultConfigurationIsVisible = 0;
			defaultConfigurationName = Release;
		};
		OBJ_2 /* Build configuration list for PBXProject "Refresh" */ = {
			isa = XCConfigurationList;
			buildConfigurations = (
				OBJ_3 /* Debug */,
				OBJ_4 /* Release */,
			);
			defaultConfigurationIsVisible = 0;
			defaultConfigurationName = Release;
		};
		OBJ_20 /* Build configuration list for PBXNativeTarget "Refresh" */ = {
			isa = XCConfigurationList;
			buildConfigurations = (
				OBJ_21 /* Debug */,
				OBJ_22 /* Release */,
			);
			defaultConfigurationIsVisible = 0;
			defaultConfigurationName = Release;
		};
		OBJ_27 /* Build configuration list for PBXNativeTarget "RefreshPackageDescription" */ = {
			isa = XCConfigurationList;
			buildConfigurations = (
				OBJ_28 /* Debug */,
				OBJ_29 /* Release */,
			);
			defaultConfigurationIsVisible = 0;
			defaultConfigurationName = Release;
		};
		OBJ_33 /* Build configuration list for PBXAggregateTarget "RefreshPackageTests" */ = {
			isa = XCConfigurationList;
			buildConfigurations = (
				OBJ_34 /* Debug */,
				OBJ_35 /* Release */,
			);
			defaultConfigurationIsVisible = 0;
			defaultConfigurationName = Release;
		};
		OBJ_38 /* Build configuration list for PBXNativeTarget "RefreshTests" */ = {
			isa = XCConfigurationList;
			buildConfigurations = (
				OBJ_39 /* Debug */,
				OBJ_40 /* Release */,
			);
			defaultConfigurationIsVisible = 0;
			defaultConfigurationName = Release;
		};
/* End XCConfigurationList section */
	};
	rootObject = OBJ_1 /* Project object */;
}
